
Microsoft Visual Studio Solution File, Format Version 12.00
# Visual Studio Version 17
VisualStudioVersion = 17.4.33213.308
MinimumVisualStudioVersion = 10.0.40219.1
Project("{9A19103F-16F7-4668-BE54-9A1E7A4F7556}") = "BarBuddy", "BarBuddy.csproj", "{1DBBA44E-4C48-4244-8905-5AEBF97A33C5}"
EndProject
Project("{9A19103F-16F7-4668-BE54-9A1E7A4F7556}") = "BarBuddy.Data", "BarBuddy.Data\BarBuddy.Data.csproj", "{0BC042B0-F15E-4358-9E0C-5F6E82A569B3}"
EndProject
Project("{9A19103F-16F7-4668-BE54-9A1E7A4F7556}") = "BarBuddy.Services", "BarBuddy.Services\BarBuddy.Services.csproj", "{FDE3123A-5D6A-4DFB-A2A9-CFF7A4EE3BFC}"
EndProject
Project("{9A19103F-16F7-4668-BE54-9A1E7A4F7556}") = "BarBuddy.Repositories", "BarBuddy.Repositories\BarBuddy.Repositories.csproj", "{24618479-394B-4682-9845-E6C48549CB5A}"
EndProject
Project("{FAE04EC0-301F-11D3-BF4B-00C04F79EFBC}") = "BarBuddy.Extensions", "..\BarBuddy.Extensions\BarBuddy.Extensions.csproj", "{2D0779E8-93F6-4626-A51B-BF75F3D347F7}"
EndProject
Global
	GlobalSection(SolutionConfigurationPlatforms) = preSolution
		Debug|Any CPU = Debug|Any CPU
		Release|Any CPU = Release|Any CPU
	EndGlobalSection
	GlobalSection(ProjectConfigurationPlatforms) = postSolution
		{1DBBA44E-4C48-4244-8905-5AEBF97A33C5}.Debug|Any CPU.ActiveCfg = Debug|Any CPU
		{1DBBA44E-4C48-4244-8905-5AEBF97A33C5}.Debug|Any CPU.Build.0 = Debug|Any CPU
		{1DBBA44E-4C48-4244-8905-5AEBF97A33C5}.Release|Any CPU.ActiveCfg = Release|Any CPU
		{1DBBA44E-4C48-4244-8905-5AEBF97A33C5}.Release|Any CPU.Build.0 = Release|Any CPU
		{0BC042B0-F15E-4358-9E0C-5F6E82A569B3}.Debug|Any CPU.ActiveCfg = Debug|Any CPU
		{0BC042B0-F15E-4358-9E0C-5F6E82A569B3}.Debug|Any CPU.Build.0 = Debug|Any CPU
		{0BC042B0-F15E-4358-9E0C-5F6E82A569B3}.Release|Any CPU.ActiveCfg = Release|Any CPU
		{0BC042B0-F15E-4358-9E0C-5F6E82A569B3}.Release|Any CPU.Build.0 = Release|Any CPU
		{FDE3123A-5D6A-4DFB-A2A9-CFF7A4EE3BFC}.Debug|Any CPU.ActiveCfg = Debug|Any CPU
		{FDE3123A-5D6A-4DFB-A2A9-CFF7A4EE3BFC}.Debug|Any CPU.Build.0 = Debug|Any CPU
		{FDE3123A-5D6A-4DFB-A2A9-CFF7A4EE3BFC}.Release|Any CPU.ActiveCfg = Release|Any CPU
		{FDE3123A-5D6A-4DFB-A2A9-CFF7A4EE3BFC}.Release|Any CPU.Build.0 = Release|Any CPU
		{24618479-394B-4682-9845-E6C48549CB5A}.Debug|Any CPU.ActiveCfg = Debug|Any CPU
		{24618479-394B-4682-9845-E6C48549CB5A}.Debug|Any CPU.Build.0 = Debug|Any CPU
		{24618479-394B-4682-9845-E6C48549CB5A}.Release|Any CPU.ActiveCfg = Release|Any CPU
		{24618479-394B-4682-9845-E6C48549CB5A}.Release|Any CPU.Build.0 = Release|Any CPU
		{2D0779E8-93F6-4626-A51B-BF75F3D347F7}.Debug|Any CPU.ActiveCfg = Debug|Any CPU
		{2D0779E8-93F6-4626-A51B-BF75F3D347F7}.Debug|Any CPU.Build.0 = Debug|Any CPU
		{2D0779E8-93F6-4626-A51B-BF75F3D347F7}.Release|Any CPU.ActiveCfg = Release|Any CPU
		{2D0779E8-93F6-4626-A51B-BF75F3D347F7}.Release|Any CPU.Build.0 = Release|Any CPU
	EndGlobalSection
	GlobalSection(SolutionProperties) = preSolution
		HideSolutionNode = FALSE
	EndGlobalSection
	GlobalSection(ExtensibilityGlobals) = postSolution
		SolutionGuid = {926EE6F4-901C-4578-9C58-0324E4D8782F}
	EndGlobalSection
EndGlobal
